
Microsoft Visual Studio Solution File, Format Version 12.00
# Visual Studio Version 16
VisualStudioVersion = 16.0.30114.105
MinimumVisualStudioVersion = 10.0.40219.1
Project("{FAE04EC0-301F-11D3-BF4B-00C04F79EFBC}") = "DDDapp.Api", "DDDapp.Api\DDDapp.Api.csproj", "{EA1D961C-F0FE-4487-89A8-E6632E6769E6}"
EndProject
Project("{FAE04EC0-301F-11D3-BF4B-00C04F79EFBC}") = "DDDapp.Application", "DDDapp.Application\DDDapp.Application.csproj", "{76D9212F-F067-451E-A8AD-243EE1CB143C}"
EndProject
Project("{FAE04EC0-301F-11D3-BF4B-00C04F79EFBC}") = "DDDapp.Domain", "DDDapp.Domain\DDDapp.Domain.csproj", "{DF9C6B50-5471-4B8E-A049-EE72EDA99C76}"
EndProject
Project("{FAE04EC0-301F-11D3-BF4B-00C04F79EFBC}") = "DDDapp.Infrastructure", "DDDapp.Infrastructure\DDDapp.Infrastructure.csproj", "{FF7416A3-93F8-4E32-82F4-5680A8F19880}"
EndProject
Global
	GlobalSection(SolutionConfigurationPlatforms) = preSolution
		Debug|Any CPU = Debug|Any CPU
		Release|Any CPU = Release|Any CPU
	EndGlobalSection
	GlobalSection(SolutionProperties) = preSolution
		HideSolutionNode = FALSE
	EndGlobalSection
	GlobalSection(ProjectConfigurationPlatforms) = postSolution
		{EA1D961C-F0FE-4487-89A8-E6632E6769E6}.Debug|Any CPU.ActiveCfg = Debug|Any CPU
		{EA1D961C-F0FE-4487-89A8-E6632E6769E6}.Debug|Any CPU.Build.0 = Debug|Any CPU
		{EA1D961C-F0FE-4487-89A8-E6632E6769E6}.Release|Any CPU.ActiveCfg = Release|Any CPU
		{EA1D961C-F0FE-4487-89A8-E6632E6769E6}.Release|Any CPU.Build.0 = Release|Any CPU
		{76D9212F-F067-451E-A8AD-243EE1CB143C}.Debug|Any CPU.ActiveCfg = Debug|Any CPU
		{76D9212F-F067-451E-A8AD-243EE1CB143C}.Debug|Any CPU.Build.0 = Debug|Any CPU
		{76D9212F-F067-451E-A8AD-243EE1CB143C}.Release|Any CPU.ActiveCfg = Release|Any CPU
		{76D9212F-F067-451E-A8AD-243EE1CB143C}.Release|Any CPU.Build.0 = Release|Any CPU
		{DF9C6B50-5471-4B8E-A049-EE72EDA99C76}.Debug|Any CPU.ActiveCfg = Debug|Any CPU
		{DF9C6B50-5471-4B8E-A049-EE72EDA99C76}.Debug|Any CPU.Build.0 = Debug|Any CPU
		{DF9C6B50-5471-4B8E-A049-EE72EDA99C76}.Release|Any CPU.ActiveCfg = Release|Any CPU
		{DF9C6B50-5471-4B8E-A049-EE72EDA99C76}.Release|Any CPU.Build.0 = Release|Any CPU
		{FF7416A3-93F8-4E32-82F4-5680A8F19880}.Debug|Any CPU.ActiveCfg = Debug|Any CPU
		{FF7416A3-93F8-4E32-82F4-5680A8F19880}.Debug|Any CPU.Build.0 = Debug|Any CPU
		{FF7416A3-93F8-4E32-82F4-5680A8F19880}.Release|Any CPU.ActiveCfg = Release|Any CPU
		{FF7416A3-93F8-4E32-82F4-5680A8F19880}.Release|Any CPU.Build.0 = Release|Any CPU
	EndGlobalSection
EndGlobal
